
Microsoft Visual Studio Solution File, Format Version 12.00
# Visual Studio 2013
VisualStudioVersion = 12.0.40629.0
MinimumVisualStudioVersion = 10.0.40219.1
Project("{F184B08F-C81C-45F6-A57F-5ABD9991F28F}") = "HourlyProductionDisplay", "HourlyProductionDisplay\HourlyProductionDisplay.vbproj", "{4B1B0DC4-AC30-4601-88F1-E4E50CD54689}"
EndProject
Project("{54435603-DBB4-11D2-8724-00A0C9A8B90C}") = "HPDInstaller", "HPDInstaller\HPDInstaller.vdproj", "{8EF49A3E-E145-43AB-B159-C116CB8F3375}"
EndProject
Project("{F184B08F-C81C-45F6-A57F-5ABD9991F28F}") = "ReporteProduccion", "ReporteProduccion\ReporteProduccion.vbproj", "{1C33C95A-96D5-45D9-9D4F-0D422DB10358}"
EndProject
Global
	GlobalSection(SolutionConfigurationPlatforms) = preSolution
		Debug|Any CPU = Debug|Any CPU
		Debug|x86 = Debug|x86
		Release|Any CPU = Release|Any CPU
		Release|x86 = Release|x86
	EndGlobalSection
	GlobalSection(ProjectConfigurationPlatforms) = postSolution
		{4B1B0DC4-AC30-4601-88F1-E4E50CD54689}.Debug|Any CPU.ActiveCfg = Debug|Any CPU
		{4B1B0DC4-AC30-4601-88F1-E4E50CD54689}.Debug|Any CPU.Build.0 = Debug|Any CPU
		{4B1B0DC4-AC30-4601-88F1-E4E50CD54689}.Debug|x86.ActiveCfg = Debug|x86
		{4B1B0DC4-AC30-4601-88F1-E4E50CD54689}.Debug|x86.Build.0 = Debug|x86
		{4B1B0DC4-AC30-4601-88F1-E4E50CD54689}.Release|Any CPU.ActiveCfg = Release|Any CPU
		{4B1B0DC4-AC30-4601-88F1-E4E50CD54689}.Release|Any CPU.Build.0 = Release|Any CPU
		{4B1B0DC4-AC30-4601-88F1-E4E50CD54689}.Release|x86.ActiveCfg = Release|x86
		{4B1B0DC4-AC30-4601-88F1-E4E50CD54689}.Release|x86.Build.0 = Release|x86
		{8EF49A3E-E145-43AB-B159-C116CB8F3375}.Debug|Any CPU.ActiveCfg = Debug
		{8EF49A3E-E145-43AB-B159-C116CB8F3375}.Debug|x86.ActiveCfg = Debug
		{8EF49A3E-E145-43AB-B159-C116CB8F3375}.Release|Any CPU.ActiveCfg = Release
		{8EF49A3E-E145-43AB-B159-C116CB8F3375}.Release|x86.ActiveCfg = Release
		{1C33C95A-96D5-45D9-9D4F-0D422DB10358}.Debug|Any CPU.ActiveCfg = Debug|Any CPU
		{1C33C95A-96D5-45D9-9D4F-0D422DB10358}.Debug|Any CPU.Build.0 = Debug|Any CPU
		{1C33C95A-96D5-45D9-9D4F-0D422DB10358}.Debug|x86.ActiveCfg = Debug|Any CPU
		{1C33C95A-96D5-45D9-9D4F-0D422DB10358}.Release|Any CPU.ActiveCfg = Release|Any CPU
		{1C33C95A-96D5-45D9-9D4F-0D422DB10358}.Release|Any CPU.Build.0 = Release|Any CPU
		{1C33C95A-96D5-45D9-9D4F-0D422DB10358}.Release|x86.ActiveCfg = Release|Any CPU
	EndGlobalSection
	GlobalSection(SolutionProperties) = preSolution
		HideSolutionNode = FALSE
	EndGlobalSection
EndGlobal
